{
  "name": "charles",
  "lockfileVersion": 2,
  "requires": true,
  "packages": {
    "": {
      "dependencies": {
        "tinymce": "^7.1.1"
      }
    },
    "node_modules/tinymce": {
      "version": "7.1.1",
      "resolved": "https://registry.npmjs.org/tinymce/-/tinymce-7.1.1.tgz",
      "integrity": "sha512-QQJKsEiM+jUfrlxNivuVUiv1jsHv4a27rub4oqajtsYQ4mFukN3hkWQrZnzVNtnPOIUsOGU2Ycem0DnEU/JKcA=="
    }
  },
  "dependencies": {
    "tinymce": {
      "version": "7.1.1",
      "resolved": "https://registry.npmjs.org/tinymce/-/tinymce-7.1.1.tgz",
      "integrity": "sha512-QQJKsEiM+jUfrlxNivuVUiv1jsHv4a27rub4oqajtsYQ4mFukN3hkWQrZnzVNtnPOIUsOGU2Ycem0DnEU/JKcA=="
    }
  }
}
